{
  "version": 4,
  "terraform_version": "0.12.31",
  "serial": 293,
  "lineage": "6b6cd3ce-125e-431c-4861-4c05192e7811",
  "outputs": {
    "external_ip_address_app": {
      "value": [
        "178.154.229.214"
      ],
      "type": [
        "tuple",
        [
          "string"
        ]
      ]
    }
  },
  "resources": [
    {
      "mode": "managed",
      "type": "local_file",
      "name": "AnsibleInventory",
      "provider": "provider.local",
      "instances": [
        {
          "schema_version": 0,
          "attributes": {
            "content": "[docker]\ndocker178.154.229.214 ansible_host=178.154.229.214 ansible_user=ubuntu  ansible_private_key_file=~/.ssh/ash\n",
            "content_base64": null,
            "directory_permission": "0777",
            "file_permission": "0777",
            "filename": "../ansible/inventory",
            "id": "c1af9b60fcf132d1d311e8093ebf38a91319cd0c",
            "sensitive_content": null,
            "source": null
          },
          "private": "bnVsbA==",
          "dependencies": [
            "yandex_compute_instance.docker"
          ]
        }
      ]
    },
    {
      "mode": "managed",
      "type": "yandex_compute_instance",
      "name": "docker",
      "each": "list",
      "provider": "provider.yandex",
      "instances": [
        {
          "index_key": 0,
          "schema_version": 1,
          "attributes": {
            "allow_stopping_for_update": null,
            "boot_disk": [
              {
                "auto_delete": true,
                "device_name": "fhmiijq82rmaeh61b6iv",
                "disk_id": "fhmiijq82rmaeh61b6iv",
                "initialize_params": [
                  {
                    "description": "",
                    "image_id": "fd83bj827tp2slnpp7f0",
                    "name": "",
                    "size": 10,
                    "snapshot_id": "",
                    "type": "network-hdd"
                  }
                ],
                "mode": "READ_WRITE"
              }
            ],
            "created_at": "2021-06-04T10:42:27Z",
            "description": "",
            "folder_id": "b1g0m7gthn4g87f5103c",
            "fqdn": "fhm8hr55um55hksvjpcf.auto.internal",
            "hostname": "fhm8hr55um55hksvjpcf",
            "id": "fhm8hr55um55hksvjpcf",
            "labels": null,
            "metadata": {
              "ssh-keys": "ubuntu:ssh-rsa AAAAB3NzaC1yc2EAAAADAQABAAABgQDJ9VrsGP+Bfshi56H9ZhMT+ivCQZQTPwdd4+2CdFk5lY+GLVc/0Bv9jG0+aCjl3d7rHcfqTiJ8iE+FtAa8SqOAXqZDys9HxTnUSX4/vXURAbdlLwnTzdVFZz4CwL7gblfmyBJjgo9/mQfRFkFeEUiAdwg4dcibQ67kqirHik+rFBJ3ewAG271QVC/SyJYt2b8LjBDupqsm8OnG4hrZR2BbdF12Ey550ZmRdmS4EkKMjjp0TTdaceUf2+uyj9PMCtFOH9hWzhSKI7VwTOPeGr9jwOdt/mvgU/WU8QmNMXoD4iY46hFVQoI9tldjDfL66JHkbXBVShMHLzjfEOqzxZFPvSfsTq9nHVmruOUPK4XkBk6RUw/PLvCCGMakdM2cbTNILyF70AI5iYbeRC9fUD1cJB/gI/Ofh7vrS4zKPmRUHRgD7kLeHuGkN7rYpOhF3IKSSrlQjnPc/uQLwsQF7qP572UOcarhlrbVpwRd/B9Gv6aAkeZ7FrbNdjLLnxmA2u0= ash\n"
            },
            "name": "docker0",
            "network_acceleration_type": "standard",
            "network_interface": [
              {
                "dns_record": [],
                "index": 0,
                "ip_address": "10.130.0.19",
                "ipv4": true,
                "ipv6": false,
                "ipv6_address": "",
                "ipv6_dns_record": [],
                "mac_address": "d0:0d:88:ec:a5:f5",
                "nat": true,
                "nat_dns_record": [],
                "nat_ip_address": "178.154.229.214",
                "nat_ip_version": "IPV4",
                "security_group_ids": [],
                "subnet_id": "e9bj6e9d2armga9ud6ml"
              }
            ],
            "placement_policy": [
              {
                "placement_group_id": ""
              }
            ],
            "platform_id": "standard-v1",
            "resources": [
              {
                "core_fraction": 100,
                "cores": 2,
                "gpus": 0,
                "memory": 2
              }
            ],
            "scheduling_policy": [
              {
                "preemptible": false
              }
            ],
            "secondary_disk": [],
            "service_account_id": "",
            "status": "running",
            "timeouts": null,
            "zone": "ru-central1-a"
          },
          "private": "eyJlMmJmYjczMC1lY2FhLTExZTYtOGY4OC0zNDM2M2JjN2M0YzAiOnsiY3JlYXRlIjozMDAwMDAwMDAwMDAsImRlbGV0ZSI6MzAwMDAwMDAwMDAwLCJ1cGRhdGUiOjMwMDAwMDAwMDAwMH0sInNjaGVtYV92ZXJzaW9uIjoiMSJ9"
        }
      ]
    }
  ]
}
